
Microsoft Visual Studio Solution File, Format Version 12.00
# Visual Studio Version 16
VisualStudioVersion = 16.0.30907.101
MinimumVisualStudioVersion = 10.0.40219.1
Project("{FAE04EC0-301F-11D3-BF4B-00C04F79EFBC}") = "UpWork", "UpWork\UpWork.csproj", "{8B9DF76A-03AF-4741-8291-EBE5D3659F50}"
EndProject
Global
	GlobalSection(SolutionConfigurationPlatforms) = preSolution
		Debug|Any CPU = Debug|Any CPU
		Release|Any CPU = Release|Any CPU
	EndGlobalSection
	GlobalSection(ProjectConfigurationPlatforms) = postSolution
		{8B9DF76A-03AF-4741-8291-EBE5D3659F50}.Debug|Any CPU.ActiveCfg = Debug|Any CPU
		{8B9DF76A-03AF-4741-8291-EBE5D3659F50}.Debug|Any CPU.Build.0 = Debug|Any CPU
		{8B9DF76A-03AF-4741-8291-EBE5D3659F50}.Release|Any CPU.ActiveCfg = Release|Any CPU
		{8B9DF76A-03AF-4741-8291-EBE5D3659F50}.Release|Any CPU.Build.0 = Release|Any CPU
	EndGlobalSection
	GlobalSection(SolutionProperties) = preSolution
		HideSolutionNode = FALSE
	EndGlobalSection
	GlobalSection(ExtensibilityGlobals) = postSolution
		SolutionGuid = {7B972453-3791-474F-BC61-989B49CB3AD8}
	EndGlobalSection
EndGlobal
